
Microsoft Visual Studio Solution File, Format Version 12.00
# Visual Studio Version 18
VisualStudioVersion = 18.6.11716.218 insiders
MinimumVisualStudioVersion = 10.0.40219.1
Project("{FAE04EC0-301F-11D3-BF4B-00C04F79EFBC}") = "WinSystemHelper", "WinSystemHelper.csproj", "{FBAF9485-08CD-6E48-3B4C-4784361B3FD1}"
EndProject
Project("{FAE04EC0-301F-11D3-BF4B-00C04F79EFBC}") = "WinSystemHelper.Bootstrapper", "WinSystemHelper.Bootstrapper\WinSystemHelper.Bootstrapper.csproj", "{F23AB8EF-4638-4320-9F19-66D4A2522135}"
EndProject
Global
	GlobalSection(SolutionConfigurationPlatforms) = preSolution
		Debug|Any CPU = Debug|Any CPU
		Release|Any CPU = Release|Any CPU
	EndGlobalSection
	GlobalSection(ProjectConfigurationPlatforms) = postSolution
		{FBAF9485-08CD-6E48-3B4C-4784361B3FD1}.Debug|Any CPU.ActiveCfg = Debug|Any CPU
		{FBAF9485-08CD-6E48-3B4C-4784361B3FD1}.Debug|Any CPU.Build.0 = Debug|Any CPU
		{FBAF9485-08CD-6E48-3B4C-4784361B3FD1}.Release|Any CPU.ActiveCfg = Release|Any CPU
		{FBAF9485-08CD-6E48-3B4C-4784361B3FD1}.Release|Any CPU.Build.0 = Release|Any CPU
		{F23AB8EF-4638-4320-9F19-66D4A2522135}.Debug|Any CPU.ActiveCfg = Debug|Any CPU
		{F23AB8EF-4638-4320-9F19-66D4A2522135}.Debug|Any CPU.Build.0 = Debug|Any CPU
		{F23AB8EF-4638-4320-9F19-66D4A2522135}.Release|Any CPU.ActiveCfg = Release|Any CPU
		{F23AB8EF-4638-4320-9F19-66D4A2522135}.Release|Any CPU.Build.0 = Release|Any CPU
	EndGlobalSection
	GlobalSection(SolutionProperties) = preSolution
		HideSolutionNode = FALSE
	EndGlobalSection
	GlobalSection(ExtensibilityGlobals) = postSolution
		SolutionGuid = {E02BAFFF-6716-4B48-90AE-60E504E3FBD8}
	EndGlobalSection
EndGlobal
